Microsoft Visual Studio Solution File, Format Version 12.00
# Visual Studio Version 17
VisualStudioVersion = 17.5.2.0
MinimumVisualStudioVersion = 10.0.40219.1
Project("{FAE04EC0-301F-11D3-BF4B-00C04F79EFBC}") = "ConsoleApp", "ConsoleApp\ConsoleApp.csproj", "{B8A3FBFD-A877-AB3A-3856-A3E51268C209}"
EndProject
Project("{FAE04EC0-301F-11D3-BF4B-00C04F79EFBC}") = "LabsShareLibrary", "LabsShareLibrary\LabsShareLibrary.csproj", "{3A716E38-C4D0-390B-F8BC-44FCA9B7344F}"
EndProject
Project("{FAE04EC0-301F-11D3-BF4B-00C04F79EFBC}") = "LabsShareLibrary.Tests", "LabsShareLibrary.Tests\LabsShareLibrary.Tests.csproj", "{C9E09173-C8A8-A925-99DB-506F40494D6A}"
EndProject
Global
	GlobalSection(SolutionConfigurationPlatforms) = preSolution
		Debug|Any CPU = Debug|Any CPU
		Release|Any CPU = Release|Any CPU
	EndGlobalSection
	GlobalSection(ProjectConfigurationPlatforms) = postSolution
		{B8A3FBFD-A877-AB3A-3856-A3E51268C209}.Debug|Any CPU.ActiveCfg = Debug|Any CPU
		{B8A3FBFD-A877-AB3A-3856-A3E51268C209}.Debug|Any CPU.Build.0 = Debug|Any CPU
		{B8A3FBFD-A877-AB3A-3856-A3E51268C209}.Release|Any CPU.ActiveCfg = Release|Any CPU
		{B8A3FBFD-A877-AB3A-3856-A3E51268C209}.Release|Any CPU.Build.0 = Release|Any CPU
		{3A716E38-C4D0-390B-F8BC-44FCA9B7344F}.Debug|Any CPU.ActiveCfg = Debug|Any CPU
		{3A716E38-C4D0-390B-F8BC-44FCA9B7344F}.Debug|Any CPU.Build.0 = Debug|Any CPU
		{3A716E38-C4D0-390B-F8BC-44FCA9B7344F}.Release|Any CPU.ActiveCfg = Release|Any CPU
		{3A716E38-C4D0-390B-F8BC-44FCA9B7344F}.Release|Any CPU.Build.0 = Release|Any CPU
		{C9E09173-C8A8-A925-99DB-506F40494D6A}.Debug|Any CPU.ActiveCfg = Debug|Any CPU
		{C9E09173-C8A8-A925-99DB-506F40494D6A}.Debug|Any CPU.Build.0 = Debug|Any CPU
		{C9E09173-C8A8-A925-99DB-506F40494D6A}.Release|Any CPU.ActiveCfg = Release|Any CPU
		{C9E09173-C8A8-A925-99DB-506F40494D6A}.Release|Any CPU.Build.0 = Release|Any CPU
	EndGlobalSection
	GlobalSection(SolutionProperties) = preSolution
		HideSolutionNode = FALSE
	EndGlobalSection
	GlobalSection(ExtensibilityGlobals) = postSolution
		SolutionGuid = {76D14B56-A715-41C1-BC8D-DBFD6DC5292F}
	EndGlobalSection
EndGlobal
